
Microsoft Visual Studio Solution File, Format Version 11.00
# Visual Studio 2010
Project("{FAE04EC0-301F-11D3-BF4B-00C04F79EFBC}") = "AdMob6Sample", "AdMob6Sample\AdMob6Sample.csproj", "{1F647ECB-FE6E-4B8A-B006-8830C4C987DB}"
EndProject
Global
	GlobalSection(SolutionConfigurationPlatforms) = preSolution
		Debug|Any CPU = Debug|Any CPU
		Release|Any CPU = Release|Any CPU
	EndGlobalSection
	GlobalSection(ProjectConfigurationPlatforms) = postSolution
		{1F647ECB-FE6E-4B8A-B006-8830C4C987DB}.Debug|Any CPU.ActiveCfg = Debug|Any CPU
		{1F647ECB-FE6E-4B8A-B006-8830C4C987DB}.Debug|Any CPU.Build.0 = Debug|Any CPU
		{1F647ECB-FE6E-4B8A-B006-8830C4C987DB}.Debug|Any CPU.Deploy.0 = Debug|Any CPU
		{1F647ECB-FE6E-4B8A-B006-8830C4C987DB}.Release|Any CPU.ActiveCfg = Release|Any CPU
		{1F647ECB-FE6E-4B8A-B006-8830C4C987DB}.Release|Any CPU.Build.0 = Release|Any CPU
		{1F647ECB-FE6E-4B8A-B006-8830C4C987DB}.Release|Any CPU.Deploy.0 = Release|Any CPU
	EndGlobalSection
	GlobalSection(SolutionProperties) = preSolution
		HideSolutionNode = FALSE
	EndGlobalSection
EndGlobal
